
Microsoft Visual Studio Solution File, Format Version 12.00
# Visual Studio Version 17
VisualStudioVersion = 17.10.35122.118
MinimumVisualStudioVersion = 10.0.40219.1
Project("{FAE04EC0-301F-11D3-BF4B-00C04F79EFBC}") = "ProducerApp", "ProducerApp\ProducerApp.csproj", "{3C8487BE-852B-4859-AB9D-B190E78303BB}"
EndProject
Global
	GlobalSection(SolutionConfigurationPlatforms) = preSolution
		Debug|Any CPU = Debug|Any CPU
		Release|Any CPU = Release|Any CPU
	EndGlobalSection
	GlobalSection(ProjectConfigurationPlatforms) = postSolution
		{3C8487BE-852B-4859-AB9D-B190E78303BB}.Debug|Any CPU.ActiveCfg = Debug|Any CPU
		{3C8487BE-852B-4859-AB9D-B190E78303BB}.Debug|Any CPU.Build.0 = Debug|Any CPU
		{3C8487BE-852B-4859-AB9D-B190E78303BB}.Release|Any CPU.ActiveCfg = Release|Any CPU
		{3C8487BE-852B-4859-AB9D-B190E78303BB}.Release|Any CPU.Build.0 = Release|Any CPU
	EndGlobalSection
	GlobalSection(SolutionProperties) = preSolution
		HideSolutionNode = FALSE
	EndGlobalSection
	GlobalSection(ExtensibilityGlobals) = postSolution
		SolutionGuid = {DB02499E-1990-48EB-BED2-278E6E73FE77}
	EndGlobalSection
EndGlobal
